
Microsoft Visual Studio Solution File, Format Version 12.00
# Visual Studio Version 16
VisualStudioVersion = 16.0.30621.155
MinimumVisualStudioVersion = 10.0.40219.1
Project("{FAE04EC0-301F-11D3-BF4B-00C04F79EFBC}") = "Orders.WebApi", "Deliveries.WebApi\Orders.WebApi.csproj", "{AB9C7412-DA0D-40BC-A892-87CCCCE562F2}"
	ProjectSection(ProjectDependencies) = postProject
		{F399608E-0C94-46C2-A7DC-A43E3ED8AACC} = {F399608E-0C94-46C2-A7DC-A43E3ED8AACC}
	EndProjectSection
EndProject
Project("{FAE04EC0-301F-11D3-BF4B-00C04F79EFBC}") = "Orders.DB", "Orders.DB\Orders.DB.csproj", "{F399608E-0C94-46C2-A7DC-A43E3ED8AACC}"
EndProject
Project("{FAE04EC0-301F-11D3-BF4B-00C04F79EFBC}") = "Orders.Core", "Orders.Core\Orders.Core.csproj", "{11D6F0FE-F9E0-400D-BB20-1FF9249F18D9}"
	ProjectSection(ProjectDependencies) = postProject
		{F399608E-0C94-46C2-A7DC-A43E3ED8AACC} = {F399608E-0C94-46C2-A7DC-A43E3ED8AACC}
	EndProjectSection
EndProject
Project("{FAE04EC0-301F-11D3-BF4B-00C04F79EFBC}") = "Orders.Presentation", "Orders.Presentation\Orders.Presentation.csproj", "{98D60F3D-4573-4100-895A-EC6370638D5C}"
EndProject
Global
	GlobalSection(SolutionConfigurationPlatforms) = preSolution
		Debug|Any CPU = Debug|Any CPU
		Release|Any CPU = Release|Any CPU
	EndGlobalSection
	GlobalSection(ProjectConfigurationPlatforms) = postSolution
		{AB9C7412-DA0D-40BC-A892-87CCCCE562F2}.Debug|Any CPU.ActiveCfg = Debug|Any CPU
		{AB9C7412-DA0D-40BC-A892-87CCCCE562F2}.Debug|Any CPU.Build.0 = Debug|Any CPU
		{AB9C7412-DA0D-40BC-A892-87CCCCE562F2}.Release|Any CPU.ActiveCfg = Release|Any CPU
		{AB9C7412-DA0D-40BC-A892-87CCCCE562F2}.Release|Any CPU.Build.0 = Release|Any CPU
		{F399608E-0C94-46C2-A7DC-A43E3ED8AACC}.Debug|Any CPU.ActiveCfg = Debug|Any CPU
		{F399608E-0C94-46C2-A7DC-A43E3ED8AACC}.Debug|Any CPU.Build.0 = Debug|Any CPU
		{F399608E-0C94-46C2-A7DC-A43E3ED8AACC}.Release|Any CPU.ActiveCfg = Release|Any CPU
		{F399608E-0C94-46C2-A7DC-A43E3ED8AACC}.Release|Any CPU.Build.0 = Release|Any CPU
		{11D6F0FE-F9E0-400D-BB20-1FF9249F18D9}.Debug|Any CPU.ActiveCfg = Debug|Any CPU
		{11D6F0FE-F9E0-400D-BB20-1FF9249F18D9}.Debug|Any CPU.Build.0 = Debug|Any CPU
		{11D6F0FE-F9E0-400D-BB20-1FF9249F18D9}.Release|Any CPU.ActiveCfg = Release|Any CPU
		{11D6F0FE-F9E0-400D-BB20-1FF9249F18D9}.Release|Any CPU.Build.0 = Release|Any CPU
		{98D60F3D-4573-4100-895A-EC6370638D5C}.Debug|Any CPU.ActiveCfg = Debug|Any CPU
		{98D60F3D-4573-4100-895A-EC6370638D5C}.Debug|Any CPU.Build.0 = Debug|Any CPU
		{98D60F3D-4573-4100-895A-EC6370638D5C}.Release|Any CPU.ActiveCfg = Release|Any CPU
		{98D60F3D-4573-4100-895A-EC6370638D5C}.Release|Any CPU.Build.0 = Release|Any CPU
	EndGlobalSection
	GlobalSection(SolutionProperties) = preSolution
		HideSolutionNode = FALSE
	EndGlobalSection
	GlobalSection(ExtensibilityGlobals) = postSolution
		SolutionGuid = {B8347EED-1F3D-4098-8236-3B176F0D938D}
	EndGlobalSection
EndGlobal
